
Microsoft Visual Studio Solution File, Format Version 12.00
# Visual Studio Version 17
VisualStudioVersion = 17.9.34723.18
MinimumVisualStudioVersion = 10.0.40219.1
Project("{FAE04EC0-301F-11D3-BF4B-00C04F79EFBC}") = "190724", "190724\190724.csproj", "{71481C91-F692-4544-992D-0737C9280AF2}"
EndProject
Global
	GlobalSection(SolutionConfigurationPlatforms) = preSolution
		Debug|Any CPU = Debug|Any CPU
		Release|Any CPU = Release|Any CPU
	EndGlobalSection
	GlobalSection(ProjectConfigurationPlatforms) = postSolution
		{71481C91-F692-4544-992D-0737C9280AF2}.Debug|Any CPU.ActiveCfg = Debug|Any CPU
		{71481C91-F692-4544-992D-0737C9280AF2}.Debug|Any CPU.Build.0 = Debug|Any CPU
		{71481C91-F692-4544-992D-0737C9280AF2}.Release|Any CPU.ActiveCfg = Release|Any CPU
		{71481C91-F692-4544-992D-0737C9280AF2}.Release|Any CPU.Build.0 = Release|Any CPU
	EndGlobalSection
	GlobalSection(SolutionProperties) = preSolution
		HideSolutionNode = FALSE
	EndGlobalSection
	GlobalSection(ExtensibilityGlobals) = postSolution
		SolutionGuid = {0D5CFBDA-4DD7-4ECC-9A1F-C69011365E06}
	EndGlobalSection
EndGlobal
